
Microsoft Visual Studio Solution File, Format Version 12.00
# Visual Studio Version 17
VisualStudioVersion = 17.4.33103.184
MinimumVisualStudioVersion = 10.0.40219.1
Project("{FAE04EC0-301F-11D3-BF4B-00C04F79EFBC}") = "Hospital_Tarea", "Hospital_Tarea.csproj", "{4FE41EC8-C59F-4414-AAA8-58A18A9DC2CD}"
EndProject
Global
	GlobalSection(SolutionConfigurationPlatforms) = preSolution
		Debug|Any CPU = Debug|Any CPU
		Release|Any CPU = Release|Any CPU
	EndGlobalSection
	GlobalSection(ProjectConfigurationPlatforms) = postSolution
		{4FE41EC8-C59F-4414-AAA8-58A18A9DC2CD}.Debug|Any CPU.ActiveCfg = Debug|Any CPU
		{4FE41EC8-C59F-4414-AAA8-58A18A9DC2CD}.Debug|Any CPU.Build.0 = Debug|Any CPU
		{4FE41EC8-C59F-4414-AAA8-58A18A9DC2CD}.Release|Any CPU.ActiveCfg = Release|Any CPU
		{4FE41EC8-C59F-4414-AAA8-58A18A9DC2CD}.Release|Any CPU.Build.0 = Release|Any CPU
	EndGlobalSection
	GlobalSection(SolutionProperties) = preSolution
		HideSolutionNode = FALSE
	EndGlobalSection
	GlobalSection(ExtensibilityGlobals) = postSolution
		SolutionGuid = {AB58FD9C-F17E-4168-B281-0762F6026D05}
	EndGlobalSection
EndGlobal
